{
  "requires": true,
  "lockfileVersion": 1,
  "dependencies": {
    "vuejs-dialog": {
      "version": "0.4.5",
      "resolved": "https://registry.npmjs.org/vuejs-dialog/-/vuejs-dialog-0.4.5.tgz",
      "integrity": "sha512-VvzCJ6tQOix+9S5HktaZAwcMYzXqGKlpCvp8x4AGHbBfwUVhYuBrXiyJO90nzPPTFOnBEE8citXvlXJ0DGfM7w=="
    }
  }
}
